{
    "_readme": [
        "This file locks the dependencies of your project to a known state",
        "Read more about it at https://getcomposer.org/doc/01-basic-usage.md#composer-lock-the-lock-file",
        "This file is @generated automatically"
    ],
    "hash": "49e474dde0f93ca7e5d007dfd6395ceb",
    "content-hash": "2b25a8be0d6b7ca468a8eaa10d9d09eb",
    "packages": [
        {
            "name": "psr/container",
            "version": "1.0.0",
            "source": {
                "type": "git",
                "url": "https://github.com/php-fig/container.git",
                "reference": "b7ce3b176482dbbc1245ebf52b181af44c2cf55f"
            },
            "dist": {
                "type": "zip",
                "url": "https://api.github.com/repos/php-fig/container/zipball/b7ce3b176482dbbc1245ebf52b181af44c2cf55f",
                "reference": "b7ce3b176482dbbc1245ebf52b181af44c2cf55f",
                "shasum": ""
            },
            "require": {
                "php": ">=5.3.0"
            },
            "type": "library",
            "extra": {
                "branch-alias": {
                    "dev-master": "1.0.x-dev"
                }
            },
            "autoload": {
                "psr-4": {
                    "Psr\\Container\\": "src/"
                }
            },
            "notification-url": "https://packagist.org/downloads/",
            "license": [
                "MIT"
            ],
            "authors": [
                {
                    "name": "PHP-FIG",
                    "homepage": "http://www.php-fig.org/"
                }
            ],
            "description": "Common Container Interface (PHP FIG PSR-11)",
            "homepage": "https://github.com/php-fig/container",
            "keywords": [
                "PSR-11",
                "container",
                "container-interface",
                "container-interop",
                "psr"
            ],
            "time": "2017-02-14 16:28:37"
        },
        {
            "name": "symfony/config",
            "version": "v3.3.2",
            "source": {
                "type": "git",
                "url": "https://github.com/symfony/config.git",
                "reference": "35716d4904e0506a7a5a9bcf23f854aeb5719bca"
            },
            "dist": {
                "type": "zip",
                "url": "https://api.github.com/repos/symfony/config/zipball/35716d4904e0506a7a5a9bcf23f854aeb5719bca",
                "reference": "35716d4904e0506a7a5a9bcf23f854aeb5719bca",
                "shasum": ""
            },
            "require": {
                "php": ">=5.5.9",
                "symfony/filesystem": "~2.8|~3.0"
            },
            "conflict": {
                "symfony/dependency-injection": "<3.3"
            },
            "require-dev": {
                "symfony/dependency-injection": "~3.3",
                "symfony/yaml": "~3.0"
            },
            "suggest": {
                "symfony/yaml": "To use the yaml reference dumper"
            },
            "type": "library",
            "extra": {
                "branch-alias": {
                    "dev-master": "3.3-dev"
                }
            },
            "autoload": {
                "psr-4": {
                    "Symfony\\Component\\Config\\": ""
                },
                "exclude-from-classmap": [
                    "/Tests/"
                ]
            },
            "notification-url": "https://packagist.org/downloads/",
            "license": [
                "MIT"
            ],
            "authors": [
                {
                    "name": "Fabien Potencier",
                    "email": "fabien@symfony.com"
                },
                {
                    "name": "Symfony Community",
                    "homepage": "https://symfony.com/contributors"
                }
            ],
            "description": "Symfony Config Component",
            "homepage": "https://symfony.com",
            "time": "2017-06-02 18:07:20"
        },
        {
            "name": "symfony/dependency-injection",
            "version": "v3.3.2",
            "source": {
                "type": "git",
                "url": "https://github.com/symfony/dependency-injection.git",
                "reference": "4cec19ec1d25f22e1ec8ab14635d3879a1287053"
            },
            "dist": {
                "type": "zip",
                "url": "https://api.github.com/repos/symfony/dependency-injection/zipball/4cec19ec1d25f22e1ec8ab14635d3879a1287053",
                "reference": "4cec19ec1d25f22e1ec8ab14635d3879a1287053",
                "shasum": ""
            },
            "require": {
                "php": ">=5.5.9",
                "psr/container": "^1.0"
            },
            "conflict": {
                "symfony/config": "<3.3.1",
                "symfony/finder": "<3.3",
                "symfony/yaml": "<3.3"
            },
            "provide": {
                "psr/container-implementation": "1.0"
            },
            "require-dev": {
                "symfony/config": "~3.3",
                "symfony/expression-language": "~2.8|~3.0",
                "symfony/yaml": "~3.3"
            },
            "suggest": {
                "symfony/config": "",
                "symfony/expression-language": "For using expressions in service container configuration",
                "symfony/finder": "For using double-star glob patterns or when GLOB_BRACE portability is required",
                "symfony/proxy-manager-bridge": "Generate service proxies to lazy load them",
                "symfony/yaml": ""
            },
            "type": "library",
            "extra": {
                "branch-alias": {
                    "dev-master": "3.3-dev"
                }
            },
            "autoload": {
                "psr-4": {
                    "Symfony\\Component\\DependencyInjection\\": ""
                },
                "exclude-from-classmap": [
                    "/Tests/"
                ]
            },
            "notification-url": "https://packagist.org/downloads/",
            "license": [
                "MIT"
            ],
            "authors": [
                {
                    "name": "Fabien Potencier",
                    "email": "fabien@symfony.com"
                },
                {
                    "name": "Symfony Community",
                    "homepage": "https://symfony.com/contributors"
                }
            ],
            "description": "Symfony DependencyInjection Component",
            "homepage": "https://symfony.com",
            "time": "2017-06-06 03:13:52"
        },
        {
            "name": "symfony/filesystem",
            "version": "v3.3.2",
            "source": {
                "type": "git",
                "url": "https://github.com/symfony/filesystem.git",
                "reference": "c709670bf64721202ddbe4162846f250735842c0"
            },
            "dist": {
                "type": "zip",
                "url": "https://api.github.com/repos/symfony/filesystem/zipball/c709670bf64721202ddbe4162846f250735842c0",
                "reference": "c709670bf64721202ddbe4162846f250735842c0",
                "shasum": ""
            },
            "require": {
                "php": ">=5.5.9"
            },
            "type": "library",
            "extra": {
                "branch-alias": {
                    "dev-master": "3.3-dev"
                }
            },
            "autoload": {
                "psr-4": {
                    "Symfony\\Component\\Filesystem\\": ""
                },
                "exclude-from-classmap": [
                    "/Tests/"
                ]
            },
            "notification-url": "https://packagist.org/downloads/",
            "license": [
                "MIT"
            ],
            "authors": [
                {
                    "name": "Fabien Potencier",
                    "email": "fabien@symfony.com"
                },
                {
                    "name": "Symfony Community",
                    "homepage": "https://symfony.com/contributors"
                }
            ],
            "description": "Symfony Filesystem Component",
            "homepage": "https://symfony.com",
            "time": "2017-05-28 14:08:56"
        },
        {
            "name": "symfony/finder",
            "version": "v3.3.2",
            "source": {
                "type": "git",
                "url": "https://github.com/symfony/finder.git",
                "reference": "baea7f66d30854ad32988c11a09d7ffd485810c4"
            },
            "dist": {
                "type": "zip",
                "url": "https://api.github.com/repos/symfony/finder/zipball/baea7f66d30854ad32988c11a09d7ffd485810c4",
                "reference": "baea7f66d30854ad32988c11a09d7ffd485810c4",
                "shasum": ""
            },
            "require": {
                "php": ">=5.5.9"
            },
            "type": "library",
            "extra": {
                "branch-alias": {
                    "dev-master": "3.3-dev"
                }
            },
            "autoload": {
                "psr-4": {
                    "Symfony\\Component\\Finder\\": ""
                },
                "exclude-from-classmap": [
                    "/Tests/"
                ]
            },
            "notification-url": "https://packagist.org/downloads/",
            "license": [
                "MIT"
            ],
            "authors": [
                {
                    "name": "Fabien Potencier",
                    "email": "fabien@symfony.com"
                },
                {
                    "name": "Symfony Community",
                    "homepage": "https://symfony.com/contributors"
                }
            ],
            "description": "Symfony Finder Component",
            "homepage": "https://symfony.com",
            "time": "2017-06-01 21:01:25"
        },
        {
            "name": "symfony/yaml",
            "version": "v3.3.2",
            "source": {
                "type": "git",
                "url": "https://github.com/symfony/yaml.git",
                "reference": "9752a30000a8ca9f4b34b5227d15d0101b96b063"
            },
            "dist": {
                "type": "zip",
                "url": "https://api.github.com/repos/symfony/yaml/zipball/9752a30000a8ca9f4b34b5227d15d0101b96b063",
                "reference": "9752a30000a8ca9f4b34b5227d15d0101b96b063",
                "shasum": ""
            },
            "require": {
                "php": ">=5.5.9"
            },
            "require-dev": {
                "symfony/console": "~2.8|~3.0"
            },
            "suggest": {
                "symfony/console": "For validating YAML files using the lint command"
            },
            "type": "library",
            "extra": {
                "branch-alias": {
                    "dev-master": "3.3-dev"
                }
            },
            "autoload": {
                "psr-4": {
                    "Symfony\\Component\\Yaml\\": ""
                },
                "exclude-from-classmap": [
                    "/Tests/"
                ]
            },
            "notification-url": "https://packagist.org/downloads/",
            "license": [
                "MIT"
            ],
            "authors": [
                {
                    "name": "Fabien Potencier",
                    "email": "fabien@symfony.com"
                },
                {
                    "name": "Symfony Community",
                    "homepage": "https://symfony.com/contributors"
                }
            ],
            "description": "Symfony Yaml Component",
            "homepage": "https://symfony.com",
            "time": "2017-06-02 22:05:06"
        }
    ],
    "packages-dev": [],
    "aliases": [],
    "minimum-stability": "stable",
    "stability-flags": [],
    "prefer-stable": false,
    "prefer-lowest": false,
    "platform": [],
    "platform-dev": []
}
